// !$*UTF8*$!
{
	archiveVersion = 1;
	classes = {
	};
	objectVersion = 52;
	objects = {

/* Begin PBXBuildFile section */
		59ECF74F9A4F919897BAB641 /* countries.json in Resources */ = {isa = PBXBuildFile; fileRef = 6B0E4E5A1C5DA1C799CE3EE8 /* countries.json */; };
		678C8EF116613E3D478D7F90 /* LaunchScreen.storyboard in Resources */ = {isa = PBXBuildFile; fileRef = C4872C2319CD609B8B0405F1 /* LaunchScreen.storyboard */; };
		6F66D7FD55CE639A9F2AA803 /* Assets.xcassets in Resources */ = {isa = PBXBuildFile; fileRef = 55EDB13A71CA814886E1F3AD /* Assets.xcassets */; };
		86A1E31873ACF284637B07EB /* Main.storyboard in Resources */ = {isa = PBXBuildFile; fileRef = BB44D56D3C51F8F4C1888430 /* Main.storyboard */; };
		8B853D959245EDDC21BF97F1 /* CountriesTableViewController.swift in Sources */ = {isa = PBXBuildFile; fileRef = C287C72F9807F2D5A82CE062 /* CountriesTableViewController.swift */; };
		9C9C0F7F9B515EEBADDF3B49 /* Country.swift in Sources */ = {isa = PBXBuildFile; fileRef = 6F165044B0EF69A450B8C0A1 /* Country.swift */; };
		BFC587CA23686C1F00DA38FD /* Kingfisher in Frameworks */ = {isa = PBXBuildFile; productRef = BFC587C923686C1F00DA38FD /* Kingfisher */; };
		ED8FE90274389AC188976413 /* CountriesAppDelegate.swift in Sources */ = {isa = PBXBuildFile; fileRef = 0B545185C076A435928CBFDD /* CountriesAppDelegate.swift */; };
/* End PBXBuildFile section */

/* Begin PBXFileReference section */
		0B545185C076A435928CBFDD /* CountriesAppDelegate.swift */ = {isa = PBXFileReference; lastKnownFileType = sourcecode.swift; path = CountriesAppDelegate.swift; sourceTree = "<group>"; };
		4E4AD75AC8BDFF5DED1963D4 /* Info.plist */ = {isa = PBXFileReference; lastKnownFileType = text.plist.xml; path = Info.plist; sourceTree = "<group>"; };
		55EDB13A71CA814886E1F3AD /* Assets.xcassets */ = {isa = PBXFileReference; lastKnownFileType = folder.assetcatalog; path = Assets.xcassets; sourceTree = "<group>"; };
		5891387E91B5B8DB3897322B /* Base */ = {isa = PBXFileReference; lastKnownFileType = file.storyboard; name = Base; path = Base.lproj/LaunchScreen.storyboard; sourceTree = "<group>"; };
		6B0E4E5A1C5DA1C799CE3EE8 /* countries.json */ = {isa = PBXFileReference; lastKnownFileType = text.json; path = countries.json; sourceTree = "<group>"; };
		6F165044B0EF69A450B8C0A1 /* Country.swift */ = {isa = PBXFileReference; lastKnownFileType = sourcecode.swift; path = Country.swift; sourceTree = "<group>"; };
		84306E3F851F05E239AD4C78 /* Countries.app */ = {isa = PBXFileReference; includeInIndex = 0; lastKnownFileType = wrapper.application; path = Countries.app; sourceTree = BUILT_PRODUCTS_DIR; };
		C287C72F9807F2D5A82CE062 /* CountriesTableViewController.swift */ = {isa = PBXFileReference; lastKnownFileType = sourcecode.swift; path = CountriesTableViewController.swift; sourceTree = "<group>"; };
		CC6FF3B792659FFCA32D8462 /* Base */ = {isa = PBXFileReference; lastKnownFileType = file.storyboard; name = Base; path = Base.lproj/Main.storyboard; sourceTree = "<group>"; };
/* End PBXFileReference section */

/* Begin PBXFrameworksBuildPhase section */
		BFC587C723686C0100DA38FD /* Frameworks */ = {
			isa = PBXFrameworksBuildPhase;
			buildActionMask = 2147483647;
			files = (
				BFC587CA23686C1F00DA38FD /* Kingfisher in Frameworks */,
			);
			runOnlyForDeploymentPostprocessing = 0;
		};
/* End PBXFrameworksBuildPhase section */

/* Begin PBXGroup section */
		44269C6A02B04962929A3EA9 /* Controller */ = {
			isa = PBXGroup;
			children = (
				C287C72F9807F2D5A82CE062 /* CountriesTableViewController.swift */,
			);
			path = Controller;
			sourceTree = "<group>";
		};
		4C7C40427506EB64F04E5687 /* App */ = {
			isa = PBXGroup;
			children = (
				0B545185C076A435928CBFDD /* CountriesAppDelegate.swift */,
				4E4AD75AC8BDFF5DED1963D4 /* Info.plist */,
			);
			path = App;
			sourceTree = "<group>";
		};
		89967A841FF555D1BB6B9BE1 /* Model */ = {
			isa = PBXGroup;
			children = (
				6B0E4E5A1C5DA1C799CE3EE8 /* countries.json */,
				6F165044B0EF69A450B8C0A1 /* Country.swift */,
			);
			path = Model;
			sourceTree = "<group>";
		};
		89F87A634A96548CB6E68FBA = {
			isa = PBXGroup;
			children = (
				FE8193F60A5388D7B5CCBB32 /* Countries */,
				9B5D7190A5EB9C73FD4CE995 /* Products */,
			);
			sourceTree = "<group>";
		};
		9B5D7190A5EB9C73FD4CE995 /* Products */ = {
			isa = PBXGroup;
			children = (
				84306E3F851F05E239AD4C78 /* Countries.app */,
			);
			name = Products;
			sourceTree = "<group>";
		};
		B25EB762955DFAD08CD4A09B /* Assets */ = {
			isa = PBXGroup;
			children = (
				55EDB13A71CA814886E1F3AD /* Assets.xcassets */,
				C4872C2319CD609B8B0405F1 /* LaunchScreen.storyboard */,
				BB44D56D3C51F8F4C1888430 /* Main.storyboard */,
			);
			path = Assets;
			sourceTree = "<group>";
		};
		FE8193F60A5388D7B5CCBB32 /* Countries */ = {
			isa = PBXGroup;
			children = (
				4C7C40427506EB64F04E5687 /* App */,
				B25EB762955DFAD08CD4A09B /* Assets */,
				44269C6A02B04962929A3EA9 /* Controller */,
				89967A841FF555D1BB6B9BE1 /* Model */,
			);
			path = Countries;
			sourceTree = "<group>";
		};
/* End PBXGroup section */

/* Begin PBXNativeTarget section */
		84E9272626B9586D4A9914E8 /* Countries */ = {
			isa = PBXNativeTarget;
			buildConfigurationList = 83DDEAFEA852BD2BFA53C992 /* Build configuration list for PBXNativeTarget "Countries" */;
			buildPhases = (
				1A5DE19D030654EF5F254451 /* Sources */,
				BFC587C723686C0100DA38FD /* Frameworks */,
				8B0A53DFE2BBD09CCB2C6FD9 /* Resources */,
			);
			buildRules = (
			);
			dependencies = (
			);
			name = Countries;
			packageProductDependencies = (
				BFC587C923686C1F00DA38FD /* Kingfisher */,
			);
			productName = Countries;
			productReference = 84306E3F851F05E239AD4C78 /* Countries.app */;
			productType = "com.apple.product-type.application";
		};
/* End PBXNativeTarget section */

/* Begin PBXProject section */
		EFDC9B1DFF671A02B02C563D /* Project object */ = {
			isa = PBXProject;
			attributes = {
				LastUpgradeCheck = 1020;
			};
			buildConfigurationList = 96F21ED9CD9D1AA7C826ED8A /* Build configuration list for PBXProject "Countries" */;
			compatibilityVersion = "Xcode 10.0";
			developmentRegion = en;
			hasScannedForEncodings = 0;
			knownRegions = (
				en,
				Base,
			);
			mainGroup = 89F87A634A96548CB6E68FBA;
			packageReferences = (
				BFC587C823686C1F00DA38FD /* XCRemoteSwiftPackageReference "Kingfisher" */,
			);
			projectDirPath = "";
			projectRoot = "";
			targets = (
				84E9272626B9586D4A9914E8 /* Countries */,
			);
		};
/* End PBXProject section */

/* Begin PBXResourcesBuildPhase section */
		8B0A53DFE2BBD09CCB2C6FD9 /* Resources */ = {
			isa = PBXResourcesBuildPhase;
			buildActionMask = 2147483647;
			files = (
				6F66D7FD55CE639A9F2AA803 /* Assets.xcassets in Resources */,
				678C8EF116613E3D478D7F90 /* LaunchScreen.storyboard in Resources */,
				86A1E31873ACF284637B07EB /* Main.storyboard in Resources */,
				59ECF74F9A4F919897BAB641 /* countries.json in Resources */,
			);
			runOnlyForDeploymentPostprocessing = 0;
		};
/* End PBXResourcesBuildPhase section */

/* Begin PBXSourcesBuildPhase section */
		1A5DE19D030654EF5F254451 /* Sources */ = {
			isa = PBXSourcesBuildPhase;
			buildActionMask = 2147483647;
			files = (
				ED8FE90274389AC188976413 /* CountriesAppDelegate.swift in Sources */,
				8B853D959245EDDC21BF97F1 /* CountriesTableViewController.swift in Sources */,
				9C9C0F7F9B515EEBADDF3B49 /* Country.swift in Sources */,
			);
			runOnlyForDeploymentPostprocessing = 0;
		};
/* End PBXSourcesBuildPhase section */

/* Begin PBXVariantGroup section */
		BB44D56D3C51F8F4C1888430 /* Main.storyboard */ = {
			isa = PBXVariantGroup;
			children = (
				CC6FF3B792659FFCA32D8462 /* Base */,
			);
			name = Main.storyboard;
			sourceTree = "<group>";
		};
		C4872C2319CD609B8B0405F1 /* LaunchScreen.storyboard */ = {
			isa = PBXVariantGroup;
			children = (
				5891387E91B5B8DB3897322B /* Base */,
			);
			name = LaunchScreen.storyboard;
			sourceTree = "<group>";
		};
/* End PBXVariantGroup section */

/* Begin XCBuildConfiguration section */
		254917507221E528A387FCCB /* Release */ = {
			isa = XCBuildConfiguration;
			buildSettings = {
				ASSETCATALOG_COMPILER_APPICON_NAME = AppIcon;
				CODE_SIGN_IDENTITY = "iPhone Developer";
				INFOPLIST_FILE = Countries/App/Info.plist;
				LD_RUNPATH_SEARCH_PATHS = (
					"$(inherited)",
					"@executable_path/Frameworks",
				);
				PRODUCT_BUNDLE_IDENTIFIER = com.example.Countries;
				SDKROOT = iphoneos;
				SWIFT_VERSION = 5.0;
				TARGETED_DEVICE_FAMILY = "1,2";
			};
			name = Release;
		};
		883342E30F52FEC49D4AA266 /* Debug */ = {
			isa = XCBuildConfiguration;
			buildSettings = {
				ASSETCATALOG_COMPILER_APPICON_NAME = AppIcon;
				CODE_SIGN_IDENTITY = "iPhone Developer";
				INFOPLIST_FILE = Countries/App/Info.plist;
				LD_RUNPATH_SEARCH_PATHS = (
					"$(inherited)",
					"@executable_path/Frameworks",
				);
				PRODUCT_BUNDLE_IDENTIFIER = com.example.Countries;
				SDKROOT = iphoneos;
				SWIFT_VERSION = 5.0;
				TARGETED_DEVICE_FAMILY = "1,2";
			};
			name = Debug;
		};
		A1BF22EA41F1E25B5381E6E4 /* Release */ = {
			isa = XCBuildConfiguration;
			buildSettings = {
				ALWAYS_SEARCH_USER_PATHS = NO;
				CLANG_ANALYZER_NONNULL = YES;
				CLANG_ANALYZER_NUMBER_OBJECT_CONVERSION = YES_AGGRESSIVE;
				CLANG_CXX_LANGUAGE_STANDARD = "gnu++14";
				CLANG_CXX_LIBRARY = "libc++";
				CLANG_ENABLE_MODULES = YES;
				CLANG_ENABLE_OBJC_ARC = YES;
				CLANG_WARN_BLOCK_CAPTURE_AUTORELEASING = YES;
				CLANG_WARN_BOOL_CONVERSION = YES;
				CLANG_WARN_COMMA = YES;
				CLANG_WARN_CONSTANT_CONVERSION = YES;
				CLANG_WARN_DEPRECATED_OBJC_IMPLEMENTATIONS = YES;
				CLANG_WARN_DIRECT_OBJC_ISA_USAGE = YES_ERROR;
				CLANG_WARN_DOCUMENTATION_COMMENTS = YES;
				CLANG_WARN_EMPTY_BODY = YES;
				CLANG_WARN_ENUM_CONVERSION = YES;
				CLANG_WARN_INFINITE_RECURSION = YES;
				CLANG_WARN_INT_CONVERSION = YES;
				CLANG_WARN_NON_LITERAL_NULL_CONVERSION = YES;
				CLANG_WARN_OBJC_IMPLICIT_RETAIN_SELF = YES;
				CLANG_WARN_OBJC_LITERAL_CONVERSION = YES;
				CLANG_WARN_OBJC_ROOT_CLASS = YES_ERROR;
				CLANG_WARN_RANGE_LOOP_ANALYSIS = YES;
				CLANG_WARN_STRICT_PROTOTYPES = YES;
				CLANG_WARN_SUSPICIOUS_MOVE = YES;
				CLANG_WARN_UNGUARDED_AVAILABILITY = YES_AGGRESSIVE;
				CLANG_WARN_UNREACHABLE_CODE = YES;
				CLANG_WARN__DUPLICATE_METHOD_MATCH = YES;
				COPY_PHASE_STRIP = NO;
				DEBUG_INFORMATION_FORMAT = "dwarf-with-dsym";
				ENABLE_NS_ASSERTIONS = NO;
				ENABLE_STRICT_OBJC_MSGSEND = YES;
				GCC_C_LANGUAGE_STANDARD = gnu11;
				GCC_NO_COMMON_BLOCKS = YES;
				GCC_WARN_64_TO_32_BIT_CONVERSION = YES;
				GCC_WARN_ABOUT_RETURN_TYPE = YES_ERROR;
				GCC_WARN_UNDECLARED_SELECTOR = YES;
				GCC_WARN_UNINITIALIZED_AUTOS = YES_AGGRESSIVE;
				GCC_WARN_UNUSED_FUNCTION = YES;
				GCC_WARN_UNUSED_VARIABLE = YES;
				IPHONEOS_DEPLOYMENT_TARGET = 10.0;
				PRODUCT_NAME = "$(TARGET_NAME)";
				SDKROOT = iphoneos;
				SWIFT_COMPILATION_MODE = wholemodule;
				SWIFT_VERSION = 5.0;
				VALIDATE_PRODUCT = YES;
			};
			name = Release;
		};
		A58FE942B5344AADFC29032F /* Debug */ = {
			isa = XCBuildConfiguration;
			buildSettings = {
				ALWAYS_SEARCH_USER_PATHS = NO;
				CLANG_ANALYZER_NONNULL = YES;
				CLANG_ANALYZER_NUMBER_OBJECT_CONVERSION = YES_AGGRESSIVE;
				CLANG_CXX_LANGUAGE_STANDARD = "gnu++14";
				CLANG_CXX_LIBRARY = "libc++";
				CLANG_ENABLE_MODULES = YES;
				CLANG_ENABLE_OBJC_ARC = YES;
				CLANG_WARN_BLOCK_CAPTURE_AUTORELEASING = YES;
				CLANG_WARN_BOOL_CONVERSION = YES;
				CLANG_WARN_COMMA = YES;
				CLANG_WARN_CONSTANT_CONVERSION = YES;
				CLANG_WARN_DEPRECATED_OBJC_IMPLEMENTATIONS = YES;
				CLANG_WARN_DIRECT_OBJC_ISA_USAGE = YES_ERROR;
				CLANG_WARN_DOCUMENTATION_COMMENTS = YES;
				CLANG_WARN_EMPTY_BODY = YES;
				CLANG_WARN_ENUM_CONVERSION = YES;
				CLANG_WARN_INFINITE_RECURSION = YES;
				CLANG_WARN_INT_CONVERSION = YES;
				CLANG_WARN_NON_LITERAL_NULL_CONVERSION = YES;
				CLANG_WARN_OBJC_IMPLICIT_RETAIN_SELF = YES;
				CLANG_WARN_OBJC_LITERAL_CONVERSION = YES;
				CLANG_WARN_OBJC_ROOT_CLASS = YES_ERROR;
				CLANG_WARN_RANGE_LOOP_ANALYSIS = YES;
				CLANG_WARN_STRICT_PROTOTYPES = YES;
				CLANG_WARN_SUSPICIOUS_MOVE = YES;
				CLANG_WARN_UNGUARDED_AVAILABILITY = YES_AGGRESSIVE;
				CLANG_WARN_UNREACHABLE_CODE = YES;
				CLANG_WARN__DUPLICATE_METHOD_MATCH = YES;
				COPY_PHASE_STRIP = NO;
				DEBUG_INFORMATION_FORMAT = dwarf;
				ENABLE_STRICT_OBJC_MSGSEND = YES;
				ENABLE_TESTABILITY = YES;
				GCC_C_LANGUAGE_STANDARD = gnu11;
				GCC_DYNAMIC_NO_PIC = NO;
				GCC_NO_COMMON_BLOCKS = YES;
				GCC_OPTIMIZATION_LEVEL = 0;
				GCC_PREPROCESSOR_DEFINITIONS = (
					"$(inherited)",
					"DEBUG=1",
				);
				GCC_WARN_64_TO_32_BIT_CONVERSION = YES;
				GCC_WARN_ABOUT_RETURN_TYPE = YES_ERROR;
				GCC_WARN_UNDECLARED_SELECTOR = YES;
				GCC_WARN_UNINITIALIZED_AUTOS = YES_AGGRESSIVE;
				GCC_WARN_UNUSED_FUNCTION = YES;
				GCC_WARN_UNUSED_VARIABLE = YES;
				IPHONEOS_DEPLOYMENT_TARGET = 10.0;
				MTL_ENABLE_DEBUG_INFO = YES;
				ONLY_ACTIVE_ARCH = YES;
				PRODUCT_NAME = "$(TARGET_NAME)";
				SDKROOT = iphoneos;
				SWIFT_ACTIVE_COMPILATION_CONDITIONS = DEBUG;
				SWIFT_OPTIMIZATION_LEVEL = "-Onone";
				SWIFT_VERSION = 5.0;
			};
			name = Debug;
		};
/* End XCBuildConfiguration section */

/* Begin XCConfigurationList section */
		83DDEAFEA852BD2BFA53C992 /* Build configuration list for PBXNativeTarget "Countries" */ = {
			isa = XCConfigurationList;
			buildConfigurations = (
				883342E30F52FEC49D4AA266 /* Debug */,
				254917507221E528A387FCCB /* Release */,
			);
			defaultConfigurationIsVisible = 0;
			defaultConfigurationName = "";
		};
		96F21ED9CD9D1AA7C826ED8A /* Build configuration list for PBXProject "Countries" */ = {
			isa = XCConfigurationList;
			buildConfigurations = (
				A58FE942B5344AADFC29032F /* Debug */,
				A1BF22EA41F1E25B5381E6E4 /* Release */,
			);
			defaultConfigurationIsVisible = 0;
			defaultConfigurationName = Debug;
		};
/* End XCConfigurationList section */

/* Begin XCRemoteSwiftPackageReference section */
		BFC587C823686C1F00DA38FD /* XCRemoteSwiftPackageReference "Kingfisher" */ = {
			isa = XCRemoteSwiftPackageReference;
			repositoryURL = "https://github.com/onevcat/Kingfisher.git";
			requirement = {
				kind = upToNextMajorVersion;
				minimumVersion = 5.9.0;
			};
		};
/* End XCRemoteSwiftPackageReference section */

/* Begin XCSwiftPackageProductDependency section */
		BFC587C923686C1F00DA38FD /* Kingfisher */ = {
			isa = XCSwiftPackageProductDependency;
			package = BFC587C823686C1F00DA38FD /* XCRemoteSwiftPackageReference "Kingfisher" */;
			productName = Kingfisher;
		};
/* End XCSwiftPackageProductDependency section */
	};
	rootObject = EFDC9B1DFF671A02B02C563D /* Project object */;
}
